
Microsoft Visual Studio Solution File, Format Version 12.00
# Visual Studio Version 17
VisualStudioVersion = 17.4.33110.190
MinimumVisualStudioVersion = 10.0.40219.1
Project("{9A19103F-16F7-4668-BE54-9A1E7A4F7556}") = "AngraEngine", "AngraEngine\AngraEngine.csproj", "{675902B9-35B2-4E16-A008-40DFCF18FAB0}"
EndProject
Project("{FAE04EC0-301F-11D3-BF4B-00C04F79EFBC}") = "TheTestGame", "TheTestGame\TheTestGame.csproj", "{B8064BB3-E2BA-4C42-8EA7-BB0D607EE901}"
EndProject
Global
	GlobalSection(SolutionConfigurationPlatforms) = preSolution
		Debug|Any CPU = Debug|Any CPU
		Release|Any CPU = Release|Any CPU
	EndGlobalSection
	GlobalSection(ProjectConfigurationPlatforms) = postSolution
		{675902B9-35B2-4E16-A008-40DFCF18FAB0}.Debug|Any CPU.ActiveCfg = Debug|Any CPU
		{675902B9-35B2-4E16-A008-40DFCF18FAB0}.Debug|Any CPU.Build.0 = Debug|Any CPU
		{675902B9-35B2-4E16-A008-40DFCF18FAB0}.Release|Any CPU.ActiveCfg = Release|Any CPU
		{675902B9-35B2-4E16-A008-40DFCF18FAB0}.Release|Any CPU.Build.0 = Release|Any CPU
		{B8064BB3-E2BA-4C42-8EA7-BB0D607EE901}.Debug|Any CPU.ActiveCfg = Debug|Any CPU
		{B8064BB3-E2BA-4C42-8EA7-BB0D607EE901}.Debug|Any CPU.Build.0 = Debug|Any CPU
		{B8064BB3-E2BA-4C42-8EA7-BB0D607EE901}.Release|Any CPU.ActiveCfg = Release|Any CPU
		{B8064BB3-E2BA-4C42-8EA7-BB0D607EE901}.Release|Any CPU.Build.0 = Release|Any CPU
	EndGlobalSection
	GlobalSection(SolutionProperties) = preSolution
		HideSolutionNode = FALSE
	EndGlobalSection
	GlobalSection(ExtensibilityGlobals) = postSolution
		SolutionGuid = {A8E6A387-842A-41B5-9A3D-2CE51947A8D3}
	EndGlobalSection
EndGlobal
